
Microsoft Visual Studio Solution File, Format Version 12.00
# Visual Studio Version 16
VisualStudioVersion = 16.0.28803.352
MinimumVisualStudioVersion = 10.0.40219.1
Project("{FAE04EC0-301F-11D3-BF4B-00C04F79EFBC}") = "TP Parte 3", "TP Parte 3\TP Parte 3.csproj", "{E33AE220-E9FF-484A-9FCB-2A75E8C05C87}"
EndProject
Global
	GlobalSection(SolutionConfigurationPlatforms) = preSolution
		Debug|Any CPU = Debug|Any CPU
		Release|Any CPU = Release|Any CPU
	EndGlobalSection
	GlobalSection(ProjectConfigurationPlatforms) = postSolution
		{E33AE220-E9FF-484A-9FCB-2A75E8C05C87}.Debug|Any CPU.ActiveCfg = Debug|Any CPU
		{E33AE220-E9FF-484A-9FCB-2A75E8C05C87}.Debug|Any CPU.Build.0 = Debug|Any CPU
		{E33AE220-E9FF-484A-9FCB-2A75E8C05C87}.Release|Any CPU.ActiveCfg = Release|Any CPU
		{E33AE220-E9FF-484A-9FCB-2A75E8C05C87}.Release|Any CPU.Build.0 = Release|Any CPU
	EndGlobalSection
	GlobalSection(SolutionProperties) = preSolution
		HideSolutionNode = FALSE
	EndGlobalSection
	GlobalSection(ExtensibilityGlobals) = postSolution
		SolutionGuid = {E67262DA-04E7-4422-BC72-8687159A2684}
	EndGlobalSection
EndGlobal
